
Microsoft Visual Studio Solution File, Format Version 12.00
# Visual Studio Version 17
VisualStudioVersion = 17.9.34714.143
MinimumVisualStudioVersion = 10.0.40219.1
Project("{FAE04EC0-301F-11D3-BF4B-00C04F79EFBC}") = "Lab03_ObliczeniaWielowatkowe", "Lab03_ObliczeniaWielowatkowe.csproj", "{E37AD675-BD15-46BC-AABE-AFF71A8C1AAD}"
EndProject
Global
	GlobalSection(SolutionConfigurationPlatforms) = preSolution
		Debug|Any CPU = Debug|Any CPU
		Release|Any CPU = Release|Any CPU
	EndGlobalSection
	GlobalSection(ProjectConfigurationPlatforms) = postSolution
		{E37AD675-BD15-46BC-AABE-AFF71A8C1AAD}.Debug|Any CPU.ActiveCfg = Debug|Any CPU
		{E37AD675-BD15-46BC-AABE-AFF71A8C1AAD}.Debug|Any CPU.Build.0 = Debug|Any CPU
		{E37AD675-BD15-46BC-AABE-AFF71A8C1AAD}.Release|Any CPU.ActiveCfg = Release|Any CPU
		{E37AD675-BD15-46BC-AABE-AFF71A8C1AAD}.Release|Any CPU.Build.0 = Release|Any CPU
	EndGlobalSection
	GlobalSection(SolutionProperties) = preSolution
		HideSolutionNode = FALSE
	EndGlobalSection
	GlobalSection(ExtensibilityGlobals) = postSolution
		SolutionGuid = {01A16DA2-561E-4577-91FB-456B64E7401A}
	EndGlobalSection
EndGlobal
