
Microsoft Visual Studio Solution File, Format Version 12.00
# Visual Studio Version 17
VisualStudioVersion = 17.9.34714.143
MinimumVisualStudioVersion = 10.0.40219.1
Project("{FAE04EC0-301F-11D3-BF4B-00C04F79EFBC}") = "ConsoleApp1", "ConsoleApp1.csproj", "{6A1C8155-AB59-4A40-A748-FF0D36241286}"
EndProject
Global
	GlobalSection(SolutionConfigurationPlatforms) = preSolution
		Debug|Any CPU = Debug|Any CPU
		Release|Any CPU = Release|Any CPU
	EndGlobalSection
	GlobalSection(ProjectConfigurationPlatforms) = postSolution
		{6A1C8155-AB59-4A40-A748-FF0D36241286}.Debug|Any CPU.ActiveCfg = Debug|Any CPU
		{6A1C8155-AB59-4A40-A748-FF0D36241286}.Debug|Any CPU.Build.0 = Debug|Any CPU
		{6A1C8155-AB59-4A40-A748-FF0D36241286}.Release|Any CPU.ActiveCfg = Release|Any CPU
		{6A1C8155-AB59-4A40-A748-FF0D36241286}.Release|Any CPU.Build.0 = Release|Any CPU
	EndGlobalSection
	GlobalSection(SolutionProperties) = preSolution
		HideSolutionNode = FALSE
	EndGlobalSection
	GlobalSection(ExtensibilityGlobals) = postSolution
		SolutionGuid = {D9AC2633-908E-4531-96F2-7F527CD187E5}
	EndGlobalSection
EndGlobal
